
Microsoft Visual Studio Solution File, Format Version 11.00
# Visual Studio 2010
Project("{8BC9CEB8-8B4A-11D0-8D11-00A0C91BC942}") = "ims5000", "ims5000.vcxproj", "{3B4C93BE-D7E7-4FAA-948F-5CF362936478}"
	ProjectSection(ProjectDependencies) = postProject
		{F592F31E-2004-4B81-AC2A-730F7A5B3423} = {F592F31E-2004-4B81-AC2A-730F7A5B3423}
		{7375F423-7CCF-41FF-9E29-85710C451F24} = {7375F423-7CCF-41FF-9E29-85710C451F24}
		{0919D84D-361D-6DE4-76EE-7E2DCFAC836B} = {0919D84D-361D-6DE4-76EE-7E2DCFAC836B}
		{075D4385-5925-4A62-8C30-D837ADA1897B} = {075D4385-5925-4A62-8C30-D837ADA1897B}
		{B6686093-AA1C-3082-DF9A-6E54EFDBD6F1} = {B6686093-AA1C-3082-DF9A-6E54EFDBD6F1}
	EndProjectSection
EndProject
Project("{8BC9CEB8-8B4A-11D0-8D11-00A0C91BC942}") = "im5000", "..\im5000\im5000.vcxproj", "{7375F423-7CCF-41FF-9E29-85710C451F24}"
	ProjectSection(ProjectDependencies) = postProject
		{F592F31E-2004-4B81-AC2A-730F7A5B3423} = {F592F31E-2004-4B81-AC2A-730F7A5B3423}
		{075D4385-5925-4A62-8C30-D837ADA1897B} = {075D4385-5925-4A62-8C30-D837ADA1897B}
	EndProjectSection
EndProject
Project("{8BC9CEB8-8B4A-11D0-8D11-00A0C91BC942}") = "imtest32", "..\im5000\imtest32\imtest32.vcxproj", "{0B3DCAF3-0998-46DD-A6E2-C08B1A8820D0}"
	ProjectSection(ProjectDependencies) = postProject
		{7375F423-7CCF-41FF-9E29-85710C451F24} = {7375F423-7CCF-41FF-9E29-85710C451F24}
	EndProjectSection
EndProject
Project("{8BC9CEB8-8B4A-11D0-8D11-00A0C91BC942}") = "vistest32", "..\vis32\vistest32\vistest32.vcxproj", "{748AAF85-0AC6-48A9-B4B5-39AD7D9CA6F0}"
	ProjectSection(ProjectDependencies) = postProject
		{F592F31E-2004-4B81-AC2A-730F7A5B3423} = {F592F31E-2004-4B81-AC2A-730F7A5B3423}
		{075D4385-5925-4A62-8C30-D837ADA1897B} = {075D4385-5925-4A62-8C30-D837ADA1897B}
	EndProjectSection
EndProject
Project("{8BC9CEB8-8B4A-11D0-8D11-00A0C91BC942}") = "XYWtest32", "..\xy32\xytest32\xytest32.vcxproj", "{D4205FF6-6C12-D7D0-8E33-0C1E6370ED19}"
	ProjectSection(ProjectDependencies) = postProject
		{F592F31E-2004-4B81-AC2A-730F7A5B3423} = {F592F31E-2004-4B81-AC2A-730F7A5B3423}
		{075D4385-5925-4A62-8C30-D837ADA1897B} = {075D4385-5925-4A62-8C30-D837ADA1897B}
	EndProjectSection
EndProject
Project("{2150E333-8FDC-42A3-9474-1A3956D46DE8}") = "Solution Items", "Solution Items", "{56F7B349-DC9F-4DBF-8937-D67005FB8B3C}"
	ProjectSection(SolutionItems) = preProject
		ims5000.vsmdi = ims5000.vsmdi
		Local.testsettings = Local.testsettings
		TraceAndTestImpact.testsettings = TraceAndTestImpact.testsettings
	EndProjectSection
EndProject
Project("{8BC9CEB8-8B4A-11D0-8D11-00A0C91BC942}") = "ijtest32", "..\IJ32\IJTEST32\ijtest32.vcxproj", "{D8043D27-F60F-C4D1-EE29-C227B8C60B5B}"
	ProjectSection(ProjectDependencies) = postProject
		{F592F31E-2004-4B81-AC2A-730F7A5B3423} = {F592F31E-2004-4B81-AC2A-730F7A5B3423}
		{075D4385-5925-4A62-8C30-D837ADA1897B} = {075D4385-5925-4A62-8C30-D837ADA1897B}
	EndProjectSection
EndProject
Project("{8BC9CEB8-8B4A-11D0-8D11-00A0C91BC942}") = "ijsim32", "..\ijdev32\IJSIM32\ijsim32.vcxproj", "{B338C57F-7B01-9DFB-DC38-E0873B0D0A5B}"
	ProjectSection(ProjectDependencies) = postProject
		{F592F31E-2004-4B81-AC2A-730F7A5B3423} = {F592F31E-2004-4B81-AC2A-730F7A5B3423}
		{075D4385-5925-4A62-8C30-D837ADA1897B} = {075D4385-5925-4A62-8C30-D837ADA1897B}
	EndProjectSection
EndProject
Project("{8BC9CEB8-8B4A-11D0-8D11-00A0C91BC942}") = "xysim32", "..\xydev32\xysim32\xysim32.vcxproj", "{FD5B3713-517C-6618-2234-DB91C7C3EE4F}"
	ProjectSection(ProjectDependencies) = postProject
		{F592F31E-2004-4B81-AC2A-730F7A5B3423} = {F592F31E-2004-4B81-AC2A-730F7A5B3423}
		{075D4385-5925-4A62-8C30-D837ADA1897B} = {075D4385-5925-4A62-8C30-D837ADA1897B}
	EndProjectSection
EndProject
Project("{8BC9CEB8-8B4A-11D0-8D11-00A0C91BC942}") = "DDE5000", "..\DDE5000\DDE5000.vcxproj", "{96E30D86-8B92-F481-5059-0D9DFD61AD89}"
EndProject
Project("{8BC9CEB8-8B4A-11D0-8D11-00A0C91BC942}") = "vismx60032", "..\visdev32\vismx600\vismx600.vcxproj", "{22C86872-9891-05C4-89FD-E70578904E70}"
EndProject
Project("{8BC9CEB8-8B4A-11D0-8D11-00A0C91BC942}") = "vissim32", "..\visdev32\vissim32\vissim32.vcxproj", "{884041AE-671C-A63B-9DF1-088C204A30D5}"
	ProjectSection(ProjectDependencies) = postProject
		{F592F31E-2004-4B81-AC2A-730F7A5B3423} = {F592F31E-2004-4B81-AC2A-730F7A5B3423}
		{075D4385-5925-4A62-8C30-D837ADA1897B} = {075D4385-5925-4A62-8C30-D837ADA1897B}
	EndProjectSection
EndProject
Project("{8BC9CEB8-8B4A-11D0-8D11-00A0C91BC942}") = "vislaser32", "..\visdev32\vislaser32\vislaser32.vcxproj", "{B35C2659-4CF8-C2BA-09F9-8DBB019B5C0E}"
	ProjectSection(ProjectDependencies) = postProject
		{F592F31E-2004-4B81-AC2A-730F7A5B3423} = {F592F31E-2004-4B81-AC2A-730F7A5B3423}
		{7375F423-7CCF-41FF-9E29-85710C451F24} = {7375F423-7CCF-41FF-9E29-85710C451F24}
		{075D4385-5925-4A62-8C30-D837ADA1897B} = {075D4385-5925-4A62-8C30-D837ADA1897B}
	EndProjectSection
EndProject
Project("{8BC9CEB8-8B4A-11D0-8D11-00A0C91BC942}") = "visifmo2i102", "..\visifmo2i102\visifmo2i102.vcxproj", "{47DF4AA9-B001-4ECC-9F46-27B50CF19F0F}"
EndProject
Project("{8BC9CEB8-8B4A-11D0-8D11-00A0C91BC942}") = "visifmo2d", "..\visifmo2d\visifmo2d.vcxproj", "{D6754E27-3C5B-4924-BD9A-B0DA4794F639}"
	ProjectSection(ProjectDependencies) = postProject
		{F592F31E-2004-4B81-AC2A-730F7A5B3423} = {F592F31E-2004-4B81-AC2A-730F7A5B3423}
	EndProjectSection
EndProject
Project("{8BC9CEB8-8B4A-11D0-8D11-00A0C91BC942}") = "dm00132", "..\dm00132\dm00132.vcxproj", "{B6686093-AA1C-3082-DF9A-6E54EFDBD6F1}"
EndProject
Project("{8BC9CEB8-8B4A-11D0-8D11-00A0C91BC942}") = "dmtest32", "..\dm00132\Dmtest32\dmtest32.vcxproj", "{73234D0B-FF86-FB9C-31EE-4DF49461FE38}"
	ProjectSection(ProjectDependencies) = postProject
		{B6686093-AA1C-3082-DF9A-6E54EFDBD6F1} = {B6686093-AA1C-3082-DF9A-6E54EFDBD6F1}
	EndProjectSection
EndProject
Project("{8BC9CEB8-8B4A-11D0-8D11-00A0C91BC942}") = "xyg1000", "..\xydev32\xyg1000\xyg1000.vcxproj", "{0919D84D-361D-6DE4-76EE-7E2DCFAC836B}"
	ProjectSection(ProjectDependencies) = postProject
		{F592F31E-2004-4B81-AC2A-730F7A5B3423} = {F592F31E-2004-4B81-AC2A-730F7A5B3423}
		{075D4385-5925-4A62-8C30-D837ADA1897B} = {075D4385-5925-4A62-8C30-D837ADA1897B}
	EndProjectSection
EndProject
Project("{8BC9CEB8-8B4A-11D0-8D11-00A0C91BC942}") = "ijesi24", "..\ijdev32\ijesi24\ijesi24.vcxproj", "{4FDC47EB-FCE7-6E8B-1C0D-9F72E96AD5A1}"
EndProject
Project("{8BC9CEB8-8B4A-11D0-8D11-00A0C91BC942}") = "ijdomino32", "..\ijdev32\ijdomino32\ijdomino32.vcxproj", "{2B7ECBAE-460E-F058-695D-8578A83653C2}"
EndProject
Project("{8BC9CEB8-8B4A-11D0-8D11-00A0C91BC942}") = "IMSFS", "..\IMSFS\IMSFS\IMSFS.vcxproj", "{7F2D7A25-3B30-438F-92E4-A7D70B8A2358}"
EndProject
Project("{8BC9CEB8-8B4A-11D0-8D11-00A0C91BC942}") = "ijjet3", "..\ijdev32\ijjet3\ijjet3.vcxproj", "{4E95A103-5270-23B2-A018-FC31B2A709AB}"
EndProject
Project("{8BC9CEB8-8B4A-11D0-8D11-00A0C91BC942}") = "ijMaxPro", "..\ijdev32\ijMaxPro\ijMaxPro.vcxproj", "{50831B3B-0DED-614D-3660-4069B8B30015}"
EndProject
Project("{8BC9CEB8-8B4A-11D0-8D11-00A0C91BC942}") = "rfsim32", "..\xydev32\RFSIM32\rfsim32.vcxproj", "{7806E084-749C-1471-15DA-C85A731E45B9}"
EndProject
Project("{8BC9CEB8-8B4A-11D0-8D11-00A0C91BC942}") = "jvmath32", "..\jvmath32\jvmath32.vcxproj", "{075D4385-5925-4A62-8C30-D837ADA1897B}"
EndProject
Project("{8BC9CEB8-8B4A-11D0-8D11-00A0C91BC942}") = "imslib32", "..\imslib32\imslib32.vcxproj", "{F592F31E-2004-4B81-AC2A-730F7A5B3423}"
EndProject
Project("{F088123C-0E9E-452A-89E6-6BA2F21D5CAC}") = "ModelingProject2", "..\ModelingProject2\ModelingProject2.modelproj", "{D0D9B550-7948-4D1E-9B34-1301EF9EC0E8}"
EndProject
Global
	GlobalSection(TestCaseManagementSettings) = postSolution
		CategoryFile = ims5000.vsmdi
	EndGlobalSection
	GlobalSection(SolutionConfigurationPlatforms) = preSolution
		Debug|Any CPU = Debug|Any CPU
		Debug|Mixed Platforms = Debug|Mixed Platforms
		Debug|Win32 = Debug|Win32
		Release|Any CPU = Release|Any CPU
		Release|Mixed Platforms = Release|Mixed Platforms
		Release|Win32 = Release|Win32
		Template|Any CPU = Template|Any CPU
		Template|Mixed Platforms = Template|Mixed Platforms
		Template|Win32 = Template|Win32
	EndGlobalSection
	GlobalSection(ProjectConfigurationPlatforms) = postSolution
		{3B4C93BE-D7E7-4FAA-948F-5CF362936478}.Debug|Any CPU.ActiveCfg = Debug|Win32
		{3B4C93BE-D7E7-4FAA-948F-5CF362936478}.Debug|Mixed Platforms.ActiveCfg = Debug|Win32
		{3B4C93BE-D7E7-4FAA-948F-5CF362936478}.Debug|Mixed Platforms.Build.0 = Debug|Win32
		{3B4C93BE-D7E7-4FAA-948F-5CF362936478}.Debug|Win32.ActiveCfg = Debug|Win32
		{3B4C93BE-D7E7-4FAA-948F-5CF362936478}.Debug|Win32.Build.0 = Debug|Win32
		{3B4C93BE-D7E7-4FAA-948F-5CF362936478}.Release|Any CPU.ActiveCfg = Release|Win32
		{3B4C93BE-D7E7-4FAA-948F-5CF362936478}.Release|Mixed Platforms.ActiveCfg = Release|Win32
		{3B4C93BE-D7E7-4FAA-948F-5CF362936478}.Release|Mixed Platforms.Build.0 = Release|Win32
		{3B4C93BE-D7E7-4FAA-948F-5CF362936478}.Release|Win32.ActiveCfg = Release|Win32
		{3B4C93BE-D7E7-4FAA-948F-5CF362936478}.Release|Win32.Build.0 = Release|Win32
		{3B4C93BE-D7E7-4FAA-948F-5CF362936478}.Template|Any CPU.ActiveCfg = Release|Win32
		{3B4C93BE-D7E7-4FAA-948F-5CF362936478}.Template|Mixed Platforms.ActiveCfg = Release|Win32
		{3B4C93BE-D7E7-4FAA-948F-5CF362936478}.Template|Mixed Platforms.Build.0 = Release|Win32
		{3B4C93BE-D7E7-4FAA-948F-5CF362936478}.Template|Win32.ActiveCfg = Release|Win32
		{3B4C93BE-D7E7-4FAA-948F-5CF362936478}.Template|Win32.Build.0 = Release|Win32
		{7375F423-7CCF-41FF-9E29-85710C451F24}.Debug|Any CPU.ActiveCfg = Debug|Win32
		{7375F423-7CCF-41FF-9E29-85710C451F24}.Debug|Mixed Platforms.ActiveCfg = Debug|Win32
		{7375F423-7CCF-41FF-9E29-85710C451F24}.Debug|Mixed Platforms.Build.0 = Debug|Win32
		{7375F423-7CCF-41FF-9E29-85710C451F24}.Debug|Win32.ActiveCfg = Debug|Win32
		{7375F423-7CCF-41FF-9E29-85710C451F24}.Debug|Win32.Build.0 = Debug|Win32
		{7375F423-7CCF-41FF-9E29-85710C451F24}.Release|Any CPU.ActiveCfg = Release|Win32
		{7375F423-7CCF-41FF-9E29-85710C451F24}.Release|Mixed Platforms.ActiveCfg = Release|Win32
		{7375F423-7CCF-41FF-9E29-85710C451F24}.Release|Mixed Platforms.Build.0 = Release|Win32
		{7375F423-7CCF-41FF-9E29-85710C451F24}.Release|Win32.ActiveCfg = Release|Win32
		{7375F423-7CCF-41FF-9E29-85710C451F24}.Release|Win32.Build.0 = Release|Win32
		{7375F423-7CCF-41FF-9E29-85710C451F24}.Template|Any CPU.ActiveCfg = Release|Win32
		{7375F423-7CCF-41FF-9E29-85710C451F24}.Template|Mixed Platforms.ActiveCfg = Release|Win32
		{7375F423-7CCF-41FF-9E29-85710C451F24}.Template|Mixed Platforms.Build.0 = Release|Win32
		{7375F423-7CCF-41FF-9E29-85710C451F24}.Template|Win32.ActiveCfg = Release|Win32
		{7375F423-7CCF-41FF-9E29-85710C451F24}.Template|Win32.Build.0 = Release|Win32
		{0B3DCAF3-0998-46DD-A6E2-C08B1A8820D0}.Debug|Any CPU.ActiveCfg = Debug|Win32
		{0B3DCAF3-0998-46DD-A6E2-C08B1A8820D0}.Debug|Mixed Platforms.ActiveCfg = Debug|Win32
		{0B3DCAF3-0998-46DD-A6E2-C08B1A8820D0}.Debug|Mixed Platforms.Build.0 = Debug|Win32
		{0B3DCAF3-0998-46DD-A6E2-C08B1A8820D0}.Debug|Win32.ActiveCfg = Debug|Win32
		{0B3DCAF3-0998-46DD-A6E2-C08B1A8820D0}.Debug|Win32.Build.0 = Debug|Win32
		{0B3DCAF3-0998-46DD-A6E2-C08B1A8820D0}.Release|Any CPU.ActiveCfg = Release|Win32
		{0B3DCAF3-0998-46DD-A6E2-C08B1A8820D0}.Release|Mixed Platforms.ActiveCfg = Release|Win32
		{0B3DCAF3-0998-46DD-A6E2-C08B1A8820D0}.Release|Mixed Platforms.Build.0 = Release|Win32
		{0B3DCAF3-0998-46DD-A6E2-C08B1A8820D0}.Release|Win32.ActiveCfg = Release|Win32
		{0B3DCAF3-0998-46DD-A6E2-C08B1A8820D0}.Release|Win32.Build.0 = Release|Win32
		{0B3DCAF3-0998-46DD-A6E2-C08B1A8820D0}.Template|Any CPU.ActiveCfg = Release|Win32
		{0B3DCAF3-0998-46DD-A6E2-C08B1A8820D0}.Template|Mixed Platforms.ActiveCfg = Release|Win32
		{0B3DCAF3-0998-46DD-A6E2-C08B1A8820D0}.Template|Mixed Platforms.Build.0 = Release|Win32
		{0B3DCAF3-0998-46DD-A6E2-C08B1A8820D0}.Template|Win32.ActiveCfg = Release|Win32
		{0B3DCAF3-0998-46DD-A6E2-C08B1A8820D0}.Template|Win32.Build.0 = Release|Win32
		{748AAF85-0AC6-48A9-B4B5-39AD7D9CA6F0}.Debug|Any CPU.ActiveCfg = Debug|Win32
		{748AAF85-0AC6-48A9-B4B5-39AD7D9CA6F0}.Debug|Mixed Platforms.ActiveCfg = Debug|Win32
		{748AAF85-0AC6-48A9-B4B5-39AD7D9CA6F0}.Debug|Mixed Platforms.Build.0 = Debug|Win32
		{748AAF85-0AC6-48A9-B4B5-39AD7D9CA6F0}.Debug|Win32.ActiveCfg = Debug|Win32
		{748AAF85-0AC6-48A9-B4B5-39AD7D9CA6F0}.Debug|Win32.Build.0 = Debug|Win32
		{748AAF85-0AC6-48A9-B4B5-39AD7D9CA6F0}.Release|Any CPU.ActiveCfg = Release|Win32
		{748AAF85-0AC6-48A9-B4B5-39AD7D9CA6F0}.Release|Mixed Platforms.ActiveCfg = Release|Win32
		{748AAF85-0AC6-48A9-B4B5-39AD7D9CA6F0}.Release|Mixed Platforms.Build.0 = Release|Win32
		{748AAF85-0AC6-48A9-B4B5-39AD7D9CA6F0}.Release|Win32.ActiveCfg = Release|Win32
		{748AAF85-0AC6-48A9-B4B5-39AD7D9CA6F0}.Release|Win32.Build.0 = Release|Win32
		{748AAF85-0AC6-48A9-B4B5-39AD7D9CA6F0}.Template|Any CPU.ActiveCfg = Release|Win32
		{748AAF85-0AC6-48A9-B4B5-39AD7D9CA6F0}.Template|Mixed Platforms.ActiveCfg = Release|Win32
		{748AAF85-0AC6-48A9-B4B5-39AD7D9CA6F0}.Template|Mixed Platforms.Build.0 = Release|Win32
		{748AAF85-0AC6-48A9-B4B5-39AD7D9CA6F0}.Template|Win32.ActiveCfg = Release|Win32
		{748AAF85-0AC6-48A9-B4B5-39AD7D9CA6F0}.Template|Win32.Build.0 = Release|Win32
		{D4205FF6-6C12-D7D0-8E33-0C1E6370ED19}.Debug|Any CPU.ActiveCfg = Debug|Win32
		{D4205FF6-6C12-D7D0-8E33-0C1E6370ED19}.Debug|Mixed Platforms.ActiveCfg = Debug|Win32
		{D4205FF6-6C12-D7D0-8E33-0C1E6370ED19}.Debug|Mixed Platforms.Build.0 = Debug|Win32
		{D4205FF6-6C12-D7D0-8E33-0C1E6370ED19}.Debug|Win32.ActiveCfg = Debug|Win32
		{D4205FF6-6C12-D7D0-8E33-0C1E6370ED19}.Debug|Win32.Build.0 = Debug|Win32
		{D4205FF6-6C12-D7D0-8E33-0C1E6370ED19}.Release|Any CPU.ActiveCfg = Release|Win32
		{D4205FF6-6C12-D7D0-8E33-0C1E6370ED19}.Release|Mixed Platforms.ActiveCfg = Release|Win32
		{D4205FF6-6C12-D7D0-8E33-0C1E6370ED19}.Release|Mixed Platforms.Build.0 = Release|Win32
		{D4205FF6-6C12-D7D0-8E33-0C1E6370ED19}.Release|Win32.ActiveCfg = Release|Win32
		{D4205FF6-6C12-D7D0-8E33-0C1E6370ED19}.Release|Win32.Build.0 = Release|Win32
		{D4205FF6-6C12-D7D0-8E33-0C1E6370ED19}.Template|Any CPU.ActiveCfg = Template|Win32
		{D4205FF6-6C12-D7D0-8E33-0C1E6370ED19}.Template|Mixed Platforms.ActiveCfg = Template|Win32
		{D4205FF6-6C12-D7D0-8E33-0C1E6370ED19}.Template|Mixed Platforms.Build.0 = Template|Win32
		{D4205FF6-6C12-D7D0-8E33-0C1E6370ED19}.Template|Win32.ActiveCfg = Template|Win32
		{D4205FF6-6C12-D7D0-8E33-0C1E6370ED19}.Template|Win32.Build.0 = Template|Win32
		{D8043D27-F60F-C4D1-EE29-C227B8C60B5B}.Debug|Any CPU.ActiveCfg = Debug|Win32
		{D8043D27-F60F-C4D1-EE29-C227B8C60B5B}.Debug|Mixed Platforms.ActiveCfg = Debug|Win32
		{D8043D27-F60F-C4D1-EE29-C227B8C60B5B}.Debug|Mixed Platforms.Build.0 = Debug|Win32
		{D8043D27-F60F-C4D1-EE29-C227B8C60B5B}.Debug|Win32.ActiveCfg = Debug|Win32
		{D8043D27-F60F-C4D1-EE29-C227B8C60B5B}.Debug|Win32.Build.0 = Debug|Win32
		{D8043D27-F60F-C4D1-EE29-C227B8C60B5B}.Release|Any CPU.ActiveCfg = Release|Win32
		{D8043D27-F60F-C4D1-EE29-C227B8C60B5B}.Release|Mixed Platforms.ActiveCfg = Release|Win32
		{D8043D27-F60F-C4D1-EE29-C227B8C60B5B}.Release|Mixed Platforms.Build.0 = Release|Win32
		{D8043D27-F60F-C4D1-EE29-C227B8C60B5B}.Release|Win32.ActiveCfg = Release|Win32
		{D8043D27-F60F-C4D1-EE29-C227B8C60B5B}.Release|Win32.Build.0 = Release|Win32
		{D8043D27-F60F-C4D1-EE29-C227B8C60B5B}.Template|Any CPU.ActiveCfg = Release|Win32
		{D8043D27-F60F-C4D1-EE29-C227B8C60B5B}.Template|Mixed Platforms.ActiveCfg = Release|Win32
		{D8043D27-F60F-C4D1-EE29-C227B8C60B5B}.Template|Mixed Platforms.Build.0 = Release|Win32
		{D8043D27-F60F-C4D1-EE29-C227B8C60B5B}.Template|Win32.ActiveCfg = Release|Win32
		{D8043D27-F60F-C4D1-EE29-C227B8C60B5B}.Template|Win32.Build.0 = Release|Win32
		{B338C57F-7B01-9DFB-DC38-E0873B0D0A5B}.Debug|Any CPU.ActiveCfg = Debug|Win32
		{B338C57F-7B01-9DFB-DC38-E0873B0D0A5B}.Debug|Mixed Platforms.ActiveCfg = Debug|Win32
		{B338C57F-7B01-9DFB-DC38-E0873B0D0A5B}.Debug|Mixed Platforms.Build.0 = Debug|Win32
		{B338C57F-7B01-9DFB-DC38-E0873B0D0A5B}.Debug|Win32.ActiveCfg = Debug|Win32
		{B338C57F-7B01-9DFB-DC38-E0873B0D0A5B}.Debug|Win32.Build.0 = Debug|Win32
		{B338C57F-7B01-9DFB-DC38-E0873B0D0A5B}.Release|Any CPU.ActiveCfg = Release|Win32
		{B338C57F-7B01-9DFB-DC38-E0873B0D0A5B}.Release|Mixed Platforms.ActiveCfg = Release|Win32
		{B338C57F-7B01-9DFB-DC38-E0873B0D0A5B}.Release|Mixed Platforms.Build.0 = Release|Win32
		{B338C57F-7B01-9DFB-DC38-E0873B0D0A5B}.Release|Win32.ActiveCfg = Release|Win32
		{B338C57F-7B01-9DFB-DC38-E0873B0D0A5B}.Release|Win32.Build.0 = Release|Win32
		{B338C57F-7B01-9DFB-DC38-E0873B0D0A5B}.Template|Any CPU.ActiveCfg = Template|Win32
		{B338C57F-7B01-9DFB-DC38-E0873B0D0A5B}.Template|Mixed Platforms.ActiveCfg = Template|Win32
		{B338C57F-7B01-9DFB-DC38-E0873B0D0A5B}.Template|Mixed Platforms.Build.0 = Template|Win32
		{B338C57F-7B01-9DFB-DC38-E0873B0D0A5B}.Template|Win32.ActiveCfg = Template|Win32
		{B338C57F-7B01-9DFB-DC38-E0873B0D0A5B}.Template|Win32.Build.0 = Template|Win32
		{FD5B3713-517C-6618-2234-DB91C7C3EE4F}.Debug|Any CPU.ActiveCfg = Debug|Win32
		{FD5B3713-517C-6618-2234-DB91C7C3EE4F}.Debug|Mixed Platforms.ActiveCfg = Debug|Win32
		{FD5B3713-517C-6618-2234-DB91C7C3EE4F}.Debug|Mixed Platforms.Build.0 = Debug|Win32
		{FD5B3713-517C-6618-2234-DB91C7C3EE4F}.Debug|Win32.ActiveCfg = Debug|Win32
		{FD5B3713-517C-6618-2234-DB91C7C3EE4F}.Debug|Win32.Build.0 = Debug|Win32
		{FD5B3713-517C-6618-2234-DB91C7C3EE4F}.Release|Any CPU.ActiveCfg = Release|Win32
		{FD5B3713-517C-6618-2234-DB91C7C3EE4F}.Release|Mixed Platforms.ActiveCfg = Release|Win32
		{FD5B3713-517C-6618-2234-DB91C7C3EE4F}.Release|Mixed Platforms.Build.0 = Release|Win32
		{FD5B3713-517C-6618-2234-DB91C7C3EE4F}.Release|Win32.ActiveCfg = Release|Win32
		{FD5B3713-517C-6618-2234-DB91C7C3EE4F}.Release|Win32.Build.0 = Release|Win32
		{FD5B3713-517C-6618-2234-DB91C7C3EE4F}.Template|Any CPU.ActiveCfg = Release|Win32
		{FD5B3713-517C-6618-2234-DB91C7C3EE4F}.Template|Mixed Platforms.ActiveCfg = Release|Win32
		{FD5B3713-517C-6618-2234-DB91C7C3EE4F}.Template|Mixed Platforms.Build.0 = Release|Win32
		{FD5B3713-517C-6618-2234-DB91C7C3EE4F}.Template|Win32.ActiveCfg = Release|Win32
		{FD5B3713-517C-6618-2234-DB91C7C3EE4F}.Template|Win32.Build.0 = Release|Win32
		{96E30D86-8B92-F481-5059-0D9DFD61AD89}.Debug|Any CPU.ActiveCfg = Debug|Win32
		{96E30D86-8B92-F481-5059-0D9DFD61AD89}.Debug|Mixed Platforms.ActiveCfg = Debug|Win32
		{96E30D86-8B92-F481-5059-0D9DFD61AD89}.Debug|Mixed Platforms.Build.0 = Debug|Win32
		{96E30D86-8B92-F481-5059-0D9DFD61AD89}.Debug|Win32.ActiveCfg = Debug|Win32
		{96E30D86-8B92-F481-5059-0D9DFD61AD89}.Debug|Win32.Build.0 = Debug|Win32
		{96E30D86-8B92-F481-5059-0D9DFD61AD89}.Release|Any CPU.ActiveCfg = Release|Win32
		{96E30D86-8B92-F481-5059-0D9DFD61AD89}.Release|Mixed Platforms.ActiveCfg = Release|Win32
		{96E30D86-8B92-F481-5059-0D9DFD61AD89}.Release|Mixed Platforms.Build.0 = Release|Win32
		{96E30D86-8B92-F481-5059-0D9DFD61AD89}.Release|Win32.ActiveCfg = Release|Win32
		{96E30D86-8B92-F481-5059-0D9DFD61AD89}.Release|Win32.Build.0 = Release|Win32
		{96E30D86-8B92-F481-5059-0D9DFD61AD89}.Template|Any CPU.ActiveCfg = Release|Win32
		{96E30D86-8B92-F481-5059-0D9DFD61AD89}.Template|Mixed Platforms.ActiveCfg = Release|Win32
		{96E30D86-8B92-F481-5059-0D9DFD61AD89}.Template|Mixed Platforms.Build.0 = Release|Win32
		{96E30D86-8B92-F481-5059-0D9DFD61AD89}.Template|Win32.ActiveCfg = Release|Win32
		{96E30D86-8B92-F481-5059-0D9DFD61AD89}.Template|Win32.Build.0 = Release|Win32
		{22C86872-9891-05C4-89FD-E70578904E70}.Debug|Any CPU.ActiveCfg = Debug|Win32
		{22C86872-9891-05C4-89FD-E70578904E70}.Debug|Mixed Platforms.ActiveCfg = Debug|Win32
		{22C86872-9891-05C4-89FD-E70578904E70}.Debug|Mixed Platforms.Build.0 = Debug|Win32
		{22C86872-9891-05C4-89FD-E70578904E70}.Debug|Win32.ActiveCfg = Debug|Win32
		{22C86872-9891-05C4-89FD-E70578904E70}.Debug|Win32.Build.0 = Debug|Win32
		{22C86872-9891-05C4-89FD-E70578904E70}.Release|Any CPU.ActiveCfg = Release|Win32
		{22C86872-9891-05C4-89FD-E70578904E70}.Release|Mixed Platforms.ActiveCfg = Release|Win32
		{22C86872-9891-05C4-89FD-E70578904E70}.Release|Mixed Platforms.Build.0 = Release|Win32
		{22C86872-9891-05C4-89FD-E70578904E70}.Release|Win32.ActiveCfg = Release|Win32
		{22C86872-9891-05C4-89FD-E70578904E70}.Release|Win32.Build.0 = Release|Win32
		{22C86872-9891-05C4-89FD-E70578904E70}.Template|Any CPU.ActiveCfg = Release|Win32
		{22C86872-9891-05C4-89FD-E70578904E70}.Template|Mixed Platforms.ActiveCfg = Release|Win32
		{22C86872-9891-05C4-89FD-E70578904E70}.Template|Mixed Platforms.Build.0 = Release|Win32
		{22C86872-9891-05C4-89FD-E70578904E70}.Template|Win32.ActiveCfg = Release|Win32
		{22C86872-9891-05C4-89FD-E70578904E70}.Template|Win32.Build.0 = Release|Win32
		{884041AE-671C-A63B-9DF1-088C204A30D5}.Debug|Any CPU.ActiveCfg = Debug|Win32
		{884041AE-671C-A63B-9DF1-088C204A30D5}.Debug|Mixed Platforms.ActiveCfg = Debug|Win32
		{884041AE-671C-A63B-9DF1-088C204A30D5}.Debug|Mixed Platforms.Build.0 = Debug|Win32
		{884041AE-671C-A63B-9DF1-088C204A30D5}.Debug|Win32.ActiveCfg = Debug|Win32
		{884041AE-671C-A63B-9DF1-088C204A30D5}.Debug|Win32.Build.0 = Debug|Win32
		{884041AE-671C-A63B-9DF1-088C204A30D5}.Release|Any CPU.ActiveCfg = Release|Win32
		{884041AE-671C-A63B-9DF1-088C204A30D5}.Release|Mixed Platforms.ActiveCfg = Release|Win32
		{884041AE-671C-A63B-9DF1-088C204A30D5}.Release|Mixed Platforms.Build.0 = Release|Win32
		{884041AE-671C-A63B-9DF1-088C204A30D5}.Release|Win32.ActiveCfg = Release|Win32
		{884041AE-671C-A63B-9DF1-088C204A30D5}.Release|Win32.Build.0 = Release|Win32
		{884041AE-671C-A63B-9DF1-088C204A30D5}.Template|Any CPU.ActiveCfg = Release|Win32
		{884041AE-671C-A63B-9DF1-088C204A30D5}.Template|Mixed Platforms.ActiveCfg = Release|Win32
		{884041AE-671C-A63B-9DF1-088C204A30D5}.Template|Mixed Platforms.Build.0 = Release|Win32
		{884041AE-671C-A63B-9DF1-088C204A30D5}.Template|Win32.ActiveCfg = Release|Win32
		{884041AE-671C-A63B-9DF1-088C204A30D5}.Template|Win32.Build.0 = Release|Win32
		{B35C2659-4CF8-C2BA-09F9-8DBB019B5C0E}.Debug|Any CPU.ActiveCfg = Debug|Win32
		{B35C2659-4CF8-C2BA-09F9-8DBB019B5C0E}.Debug|Mixed Platforms.ActiveCfg = Debug|Win32
		{B35C2659-4CF8-C2BA-09F9-8DBB019B5C0E}.Debug|Mixed Platforms.Build.0 = Debug|Win32
		{B35C2659-4CF8-C2BA-09F9-8DBB019B5C0E}.Debug|Win32.ActiveCfg = Debug|Win32
		{B35C2659-4CF8-C2BA-09F9-8DBB019B5C0E}.Debug|Win32.Build.0 = Debug|Win32
		{B35C2659-4CF8-C2BA-09F9-8DBB019B5C0E}.Release|Any CPU.ActiveCfg = Release|Win32
		{B35C2659-4CF8-C2BA-09F9-8DBB019B5C0E}.Release|Mixed Platforms.ActiveCfg = Release|Win32
		{B35C2659-4CF8-C2BA-09F9-8DBB019B5C0E}.Release|Mixed Platforms.Build.0 = Release|Win32
		{B35C2659-4CF8-C2BA-09F9-8DBB019B5C0E}.Release|Win32.ActiveCfg = Release|Win32
		{B35C2659-4CF8-C2BA-09F9-8DBB019B5C0E}.Release|Win32.Build.0 = Release|Win32
		{B35C2659-4CF8-C2BA-09F9-8DBB019B5C0E}.Template|Any CPU.ActiveCfg = Release|Win32
		{B35C2659-4CF8-C2BA-09F9-8DBB019B5C0E}.Template|Mixed Platforms.ActiveCfg = Release|Win32
		{B35C2659-4CF8-C2BA-09F9-8DBB019B5C0E}.Template|Mixed Platforms.Build.0 = Release|Win32
		{B35C2659-4CF8-C2BA-09F9-8DBB019B5C0E}.Template|Win32.ActiveCfg = Release|Win32
		{B35C2659-4CF8-C2BA-09F9-8DBB019B5C0E}.Template|Win32.Build.0 = Release|Win32
		{47DF4AA9-B001-4ECC-9F46-27B50CF19F0F}.Debug|Any CPU.ActiveCfg = Debug|Win32
		{47DF4AA9-B001-4ECC-9F46-27B50CF19F0F}.Debug|Mixed Platforms.ActiveCfg = Debug|Win32
		{47DF4AA9-B001-4ECC-9F46-27B50CF19F0F}.Debug|Mixed Platforms.Build.0 = Debug|Win32
		{47DF4AA9-B001-4ECC-9F46-27B50CF19F0F}.Debug|Win32.ActiveCfg = Debug|Win32
		{47DF4AA9-B001-4ECC-9F46-27B50CF19F0F}.Debug|Win32.Build.0 = Debug|Win32
		{47DF4AA9-B001-4ECC-9F46-27B50CF19F0F}.Release|Any CPU.ActiveCfg = Release|Win32
		{47DF4AA9-B001-4ECC-9F46-27B50CF19F0F}.Release|Mixed Platforms.ActiveCfg = Release|Win32
		{47DF4AA9-B001-4ECC-9F46-27B50CF19F0F}.Release|Mixed Platforms.Build.0 = Release|Win32
		{47DF4AA9-B001-4ECC-9F46-27B50CF19F0F}.Release|Win32.ActiveCfg = Release|Win32
		{47DF4AA9-B001-4ECC-9F46-27B50CF19F0F}.Release|Win32.Build.0 = Release|Win32
		{47DF4AA9-B001-4ECC-9F46-27B50CF19F0F}.Template|Any CPU.ActiveCfg = Release|Win32
		{47DF4AA9-B001-4ECC-9F46-27B50CF19F0F}.Template|Mixed Platforms.ActiveCfg = Release|Win32
		{47DF4AA9-B001-4ECC-9F46-27B50CF19F0F}.Template|Mixed Platforms.Build.0 = Release|Win32
		{47DF4AA9-B001-4ECC-9F46-27B50CF19F0F}.Template|Win32.ActiveCfg = Release|Win32
		{47DF4AA9-B001-4ECC-9F46-27B50CF19F0F}.Template|Win32.Build.0 = Release|Win32
		{D6754E27-3C5B-4924-BD9A-B0DA4794F639}.Debug|Any CPU.ActiveCfg = Debug|Win32
		{D6754E27-3C5B-4924-BD9A-B0DA4794F639}.Debug|Mixed Platforms.ActiveCfg = Debug|Win32
		{D6754E27-3C5B-4924-BD9A-B0DA4794F639}.Debug|Mixed Platforms.Build.0 = Debug|Win32
		{D6754E27-3C5B-4924-BD9A-B0DA4794F639}.Debug|Win32.ActiveCfg = Debug|Win32
		{D6754E27-3C5B-4924-BD9A-B0DA4794F639}.Debug|Win32.Build.0 = Debug|Win32
		{D6754E27-3C5B-4924-BD9A-B0DA4794F639}.Release|Any CPU.ActiveCfg = Release|Win32
		{D6754E27-3C5B-4924-BD9A-B0DA4794F639}.Release|Mixed Platforms.ActiveCfg = Release|Win32
		{D6754E27-3C5B-4924-BD9A-B0DA4794F639}.Release|Mixed Platforms.Build.0 = Release|Win32
		{D6754E27-3C5B-4924-BD9A-B0DA4794F639}.Release|Win32.ActiveCfg = Release|Win32
		{D6754E27-3C5B-4924-BD9A-B0DA4794F639}.Release|Win32.Build.0 = Release|Win32
		{D6754E27-3C5B-4924-BD9A-B0DA4794F639}.Template|Any CPU.ActiveCfg = Release|Win32
		{D6754E27-3C5B-4924-BD9A-B0DA4794F639}.Template|Mixed Platforms.ActiveCfg = Release|Win32
		{D6754E27-3C5B-4924-BD9A-B0DA4794F639}.Template|Mixed Platforms.Build.0 = Release|Win32
		{D6754E27-3C5B-4924-BD9A-B0DA4794F639}.Template|Win32.ActiveCfg = Release|Win32
		{D6754E27-3C5B-4924-BD9A-B0DA4794F639}.Template|Win32.Build.0 = Release|Win32
		{B6686093-AA1C-3082-DF9A-6E54EFDBD6F1}.Debug|Any CPU.ActiveCfg = Debug|Win32
		{B6686093-AA1C-3082-DF9A-6E54EFDBD6F1}.Debug|Mixed Platforms.ActiveCfg = Debug|Win32
		{B6686093-AA1C-3082-DF9A-6E54EFDBD6F1}.Debug|Mixed Platforms.Build.0 = Debug|Win32
		{B6686093-AA1C-3082-DF9A-6E54EFDBD6F1}.Debug|Win32.ActiveCfg = Debug|Win32
		{B6686093-AA1C-3082-DF9A-6E54EFDBD6F1}.Debug|Win32.Build.0 = Debug|Win32
		{B6686093-AA1C-3082-DF9A-6E54EFDBD6F1}.Release|Any CPU.ActiveCfg = Release|Win32
		{B6686093-AA1C-3082-DF9A-6E54EFDBD6F1}.Release|Mixed Platforms.ActiveCfg = Release|Win32
		{B6686093-AA1C-3082-DF9A-6E54EFDBD6F1}.Release|Mixed Platforms.Build.0 = Release|Win32
		{B6686093-AA1C-3082-DF9A-6E54EFDBD6F1}.Release|Win32.ActiveCfg = Release|Win32
		{B6686093-AA1C-3082-DF9A-6E54EFDBD6F1}.Release|Win32.Build.0 = Release|Win32
		{B6686093-AA1C-3082-DF9A-6E54EFDBD6F1}.Template|Any CPU.ActiveCfg = Release|Win32
		{B6686093-AA1C-3082-DF9A-6E54EFDBD6F1}.Template|Mixed Platforms.ActiveCfg = Release|Win32
		{B6686093-AA1C-3082-DF9A-6E54EFDBD6F1}.Template|Mixed Platforms.Build.0 = Release|Win32
		{B6686093-AA1C-3082-DF9A-6E54EFDBD6F1}.Template|Win32.ActiveCfg = Release|Win32
		{B6686093-AA1C-3082-DF9A-6E54EFDBD6F1}.Template|Win32.Build.0 = Release|Win32
		{73234D0B-FF86-FB9C-31EE-4DF49461FE38}.Debug|Any CPU.ActiveCfg = Debug|Win32
		{73234D0B-FF86-FB9C-31EE-4DF49461FE38}.Debug|Mixed Platforms.ActiveCfg = Debug|Win32
		{73234D0B-FF86-FB9C-31EE-4DF49461FE38}.Debug|Mixed Platforms.Build.0 = Debug|Win32
		{73234D0B-FF86-FB9C-31EE-4DF49461FE38}.Debug|Win32.ActiveCfg = Debug|Win32
		{73234D0B-FF86-FB9C-31EE-4DF49461FE38}.Debug|Win32.Build.0 = Debug|Win32
		{73234D0B-FF86-FB9C-31EE-4DF49461FE38}.Release|Any CPU.ActiveCfg = Release|Win32
		{73234D0B-FF86-FB9C-31EE-4DF49461FE38}.Release|Mixed Platforms.ActiveCfg = Release|Win32
		{73234D0B-FF86-FB9C-31EE-4DF49461FE38}.Release|Mixed Platforms.Build.0 = Release|Win32
		{73234D0B-FF86-FB9C-31EE-4DF49461FE38}.Release|Win32.ActiveCfg = Release|Win32
		{73234D0B-FF86-FB9C-31EE-4DF49461FE38}.Release|Win32.Build.0 = Release|Win32
		{73234D0B-FF86-FB9C-31EE-4DF49461FE38}.Template|Any CPU.ActiveCfg = Release|Win32
		{73234D0B-FF86-FB9C-31EE-4DF49461FE38}.Template|Mixed Platforms.ActiveCfg = Release|Win32
		{73234D0B-FF86-FB9C-31EE-4DF49461FE38}.Template|Mixed Platforms.Build.0 = Release|Win32
		{73234D0B-FF86-FB9C-31EE-4DF49461FE38}.Template|Win32.ActiveCfg = Release|Win32
		{73234D0B-FF86-FB9C-31EE-4DF49461FE38}.Template|Win32.Build.0 = Release|Win32
		{0919D84D-361D-6DE4-76EE-7E2DCFAC836B}.Debug|Any CPU.ActiveCfg = Debug|Win32
		{0919D84D-361D-6DE4-76EE-7E2DCFAC836B}.Debug|Mixed Platforms.ActiveCfg = Debug|Win32
		{0919D84D-361D-6DE4-76EE-7E2DCFAC836B}.Debug|Mixed Platforms.Build.0 = Debug|Win32
		{0919D84D-361D-6DE4-76EE-7E2DCFAC836B}.Debug|Win32.ActiveCfg = Debug|Win32
		{0919D84D-361D-6DE4-76EE-7E2DCFAC836B}.Debug|Win32.Build.0 = Debug|Win32
		{0919D84D-361D-6DE4-76EE-7E2DCFAC836B}.Release|Any CPU.ActiveCfg = Release|Win32
		{0919D84D-361D-6DE4-76EE-7E2DCFAC836B}.Release|Mixed Platforms.ActiveCfg = Release|Win32
		{0919D84D-361D-6DE4-76EE-7E2DCFAC836B}.Release|Mixed Platforms.Build.0 = Release|Win32
		{0919D84D-361D-6DE4-76EE-7E2DCFAC836B}.Release|Win32.ActiveCfg = Release|Win32
		{0919D84D-361D-6DE4-76EE-7E2DCFAC836B}.Release|Win32.Build.0 = Release|Win32
		{0919D84D-361D-6DE4-76EE-7E2DCFAC836B}.Template|Any CPU.ActiveCfg = Release|Win32
		{0919D84D-361D-6DE4-76EE-7E2DCFAC836B}.Template|Mixed Platforms.ActiveCfg = Release|Win32
		{0919D84D-361D-6DE4-76EE-7E2DCFAC836B}.Template|Mixed Platforms.Build.0 = Release|Win32
		{0919D84D-361D-6DE4-76EE-7E2DCFAC836B}.Template|Win32.ActiveCfg = Release|Win32
		{0919D84D-361D-6DE4-76EE-7E2DCFAC836B}.Template|Win32.Build.0 = Release|Win32
		{4FDC47EB-FCE7-6E8B-1C0D-9F72E96AD5A1}.Debug|Any CPU.ActiveCfg = Debug|Win32
		{4FDC47EB-FCE7-6E8B-1C0D-9F72E96AD5A1}.Debug|Mixed Platforms.ActiveCfg = Debug|Win32
		{4FDC47EB-FCE7-6E8B-1C0D-9F72E96AD5A1}.Debug|Mixed Platforms.Build.0 = Debug|Win32
		{4FDC47EB-FCE7-6E8B-1C0D-9F72E96AD5A1}.Debug|Win32.ActiveCfg = Debug|Win32
		{4FDC47EB-FCE7-6E8B-1C0D-9F72E96AD5A1}.Debug|Win32.Build.0 = Debug|Win32
		{4FDC47EB-FCE7-6E8B-1C0D-9F72E96AD5A1}.Release|Any CPU.ActiveCfg = Release|Win32
		{4FDC47EB-FCE7-6E8B-1C0D-9F72E96AD5A1}.Release|Mixed Platforms.ActiveCfg = Release|Win32
		{4FDC47EB-FCE7-6E8B-1C0D-9F72E96AD5A1}.Release|Mixed Platforms.Build.0 = Release|Win32
		{4FDC47EB-FCE7-6E8B-1C0D-9F72E96AD5A1}.Release|Win32.ActiveCfg = Release|Win32
		{4FDC47EB-FCE7-6E8B-1C0D-9F72E96AD5A1}.Release|Win32.Build.0 = Release|Win32
		{4FDC47EB-FCE7-6E8B-1C0D-9F72E96AD5A1}.Template|Any CPU.ActiveCfg = Release|Win32
		{4FDC47EB-FCE7-6E8B-1C0D-9F72E96AD5A1}.Template|Mixed Platforms.ActiveCfg = Release|Win32
		{4FDC47EB-FCE7-6E8B-1C0D-9F72E96AD5A1}.Template|Mixed Platforms.Build.0 = Release|Win32
		{4FDC47EB-FCE7-6E8B-1C0D-9F72E96AD5A1}.Template|Win32.ActiveCfg = Release|Win32
		{4FDC47EB-FCE7-6E8B-1C0D-9F72E96AD5A1}.Template|Win32.Build.0 = Release|Win32
		{2B7ECBAE-460E-F058-695D-8578A83653C2}.Debug|Any CPU.ActiveCfg = Debug|Win32
		{2B7ECBAE-460E-F058-695D-8578A83653C2}.Debug|Mixed Platforms.ActiveCfg = Debug|Win32
		{2B7ECBAE-460E-F058-695D-8578A83653C2}.Debug|Mixed Platforms.Build.0 = Debug|Win32
		{2B7ECBAE-460E-F058-695D-8578A83653C2}.Debug|Win32.ActiveCfg = Debug|Win32
		{2B7ECBAE-460E-F058-695D-8578A83653C2}.Debug|Win32.Build.0 = Debug|Win32
		{2B7ECBAE-460E-F058-695D-8578A83653C2}.Release|Any CPU.ActiveCfg = Release|Win32
		{2B7ECBAE-460E-F058-695D-8578A83653C2}.Release|Mixed Platforms.ActiveCfg = Release|Win32
		{2B7ECBAE-460E-F058-695D-8578A83653C2}.Release|Mixed Platforms.Build.0 = Release|Win32
		{2B7ECBAE-460E-F058-695D-8578A83653C2}.Release|Win32.ActiveCfg = Release|Win32
		{2B7ECBAE-460E-F058-695D-8578A83653C2}.Release|Win32.Build.0 = Release|Win32
		{2B7ECBAE-460E-F058-695D-8578A83653C2}.Template|Any CPU.ActiveCfg = Release|Win32
		{2B7ECBAE-460E-F058-695D-8578A83653C2}.Template|Mixed Platforms.ActiveCfg = Release|Win32
		{2B7ECBAE-460E-F058-695D-8578A83653C2}.Template|Mixed Platforms.Build.0 = Release|Win32
		{2B7ECBAE-460E-F058-695D-8578A83653C2}.Template|Win32.ActiveCfg = Release|Win32
		{2B7ECBAE-460E-F058-695D-8578A83653C2}.Template|Win32.Build.0 = Release|Win32
		{7F2D7A25-3B30-438F-92E4-A7D70B8A2358}.Debug|Any CPU.ActiveCfg = Debug|Win32
		{7F2D7A25-3B30-438F-92E4-A7D70B8A2358}.Debug|Mixed Platforms.ActiveCfg = Debug|Win32
		{7F2D7A25-3B30-438F-92E4-A7D70B8A2358}.Debug|Mixed Platforms.Build.0 = Debug|Win32
		{7F2D7A25-3B30-438F-92E4-A7D70B8A2358}.Debug|Win32.ActiveCfg = Debug|Win32
		{7F2D7A25-3B30-438F-92E4-A7D70B8A2358}.Debug|Win32.Build.0 = Debug|Win32
		{7F2D7A25-3B30-438F-92E4-A7D70B8A2358}.Release|Any CPU.ActiveCfg = Release|Win32
		{7F2D7A25-3B30-438F-92E4-A7D70B8A2358}.Release|Mixed Platforms.ActiveCfg = Release|Win32
		{7F2D7A25-3B30-438F-92E4-A7D70B8A2358}.Release|Mixed Platforms.Build.0 = Release|Win32
		{7F2D7A25-3B30-438F-92E4-A7D70B8A2358}.Release|Win32.ActiveCfg = Release|Win32
		{7F2D7A25-3B30-438F-92E4-A7D70B8A2358}.Release|Win32.Build.0 = Release|Win32
		{7F2D7A25-3B30-438F-92E4-A7D70B8A2358}.Template|Any CPU.ActiveCfg = Release|Win32
		{7F2D7A25-3B30-438F-92E4-A7D70B8A2358}.Template|Mixed Platforms.ActiveCfg = Release|Win32
		{7F2D7A25-3B30-438F-92E4-A7D70B8A2358}.Template|Mixed Platforms.Build.0 = Release|Win32
		{7F2D7A25-3B30-438F-92E4-A7D70B8A2358}.Template|Win32.ActiveCfg = Release|Win32
		{7F2D7A25-3B30-438F-92E4-A7D70B8A2358}.Template|Win32.Build.0 = Release|Win32
		{4E95A103-5270-23B2-A018-FC31B2A709AB}.Debug|Any CPU.ActiveCfg = Debug|Win32
		{4E95A103-5270-23B2-A018-FC31B2A709AB}.Debug|Mixed Platforms.ActiveCfg = Debug|Win32
		{4E95A103-5270-23B2-A018-FC31B2A709AB}.Debug|Mixed Platforms.Build.0 = Debug|Win32
		{4E95A103-5270-23B2-A018-FC31B2A709AB}.Debug|Win32.ActiveCfg = Debug|Win32
		{4E95A103-5270-23B2-A018-FC31B2A709AB}.Debug|Win32.Build.0 = Debug|Win32
		{4E95A103-5270-23B2-A018-FC31B2A709AB}.Release|Any CPU.ActiveCfg = Release|Win32
		{4E95A103-5270-23B2-A018-FC31B2A709AB}.Release|Mixed Platforms.ActiveCfg = Release|Win32
		{4E95A103-5270-23B2-A018-FC31B2A709AB}.Release|Mixed Platforms.Build.0 = Release|Win32
		{4E95A103-5270-23B2-A018-FC31B2A709AB}.Release|Win32.ActiveCfg = Release|Win32
		{4E95A103-5270-23B2-A018-FC31B2A709AB}.Release|Win32.Build.0 = Release|Win32
		{4E95A103-5270-23B2-A018-FC31B2A709AB}.Template|Any CPU.ActiveCfg = Release|Win32
		{4E95A103-5270-23B2-A018-FC31B2A709AB}.Template|Mixed Platforms.ActiveCfg = Release|Win32
		{4E95A103-5270-23B2-A018-FC31B2A709AB}.Template|Mixed Platforms.Build.0 = Release|Win32
		{4E95A103-5270-23B2-A018-FC31B2A709AB}.Template|Win32.ActiveCfg = Release|Win32
		{4E95A103-5270-23B2-A018-FC31B2A709AB}.Template|Win32.Build.0 = Release|Win32
		{50831B3B-0DED-614D-3660-4069B8B30015}.Debug|Any CPU.ActiveCfg = Debug|Win32
		{50831B3B-0DED-614D-3660-4069B8B30015}.Debug|Mixed Platforms.ActiveCfg = Debug|Win32
		{50831B3B-0DED-614D-3660-4069B8B30015}.Debug|Mixed Platforms.Build.0 = Debug|Win32
		{50831B3B-0DED-614D-3660-4069B8B30015}.Debug|Win32.ActiveCfg = Debug|Win32
		{50831B3B-0DED-614D-3660-4069B8B30015}.Debug|Win32.Build.0 = Debug|Win32
		{50831B3B-0DED-614D-3660-4069B8B30015}.Release|Any CPU.ActiveCfg = Release|Win32
		{50831B3B-0DED-614D-3660-4069B8B30015}.Release|Mixed Platforms.ActiveCfg = Release|Win32
		{50831B3B-0DED-614D-3660-4069B8B30015}.Release|Mixed Platforms.Build.0 = Release|Win32
		{50831B3B-0DED-614D-3660-4069B8B30015}.Release|Win32.ActiveCfg = Release|Win32
		{50831B3B-0DED-614D-3660-4069B8B30015}.Release|Win32.Build.0 = Release|Win32
		{50831B3B-0DED-614D-3660-4069B8B30015}.Template|Any CPU.ActiveCfg = Release|Win32
		{50831B3B-0DED-614D-3660-4069B8B30015}.Template|Mixed Platforms.ActiveCfg = Release|Win32
		{50831B3B-0DED-614D-3660-4069B8B30015}.Template|Mixed Platforms.Build.0 = Release|Win32
		{50831B3B-0DED-614D-3660-4069B8B30015}.Template|Win32.ActiveCfg = Release|Win32
		{50831B3B-0DED-614D-3660-4069B8B30015}.Template|Win32.Build.0 = Release|Win32
		{7806E084-749C-1471-15DA-C85A731E45B9}.Debug|Any CPU.ActiveCfg = Debug|Win32
		{7806E084-749C-1471-15DA-C85A731E45B9}.Debug|Mixed Platforms.ActiveCfg = Debug|Win32
		{7806E084-749C-1471-15DA-C85A731E45B9}.Debug|Mixed Platforms.Build.0 = Debug|Win32
		{7806E084-749C-1471-15DA-C85A731E45B9}.Debug|Win32.ActiveCfg = Debug|Win32
		{7806E084-749C-1471-15DA-C85A731E45B9}.Debug|Win32.Build.0 = Debug|Win32
		{7806E084-749C-1471-15DA-C85A731E45B9}.Release|Any CPU.ActiveCfg = Release|Win32
		{7806E084-749C-1471-15DA-C85A731E45B9}.Release|Mixed Platforms.ActiveCfg = Release|Win32
		{7806E084-749C-1471-15DA-C85A731E45B9}.Release|Mixed Platforms.Build.0 = Release|Win32
		{7806E084-749C-1471-15DA-C85A731E45B9}.Release|Win32.ActiveCfg = Release|Win32
		{7806E084-749C-1471-15DA-C85A731E45B9}.Release|Win32.Build.0 = Release|Win32
		{7806E084-749C-1471-15DA-C85A731E45B9}.Template|Any CPU.ActiveCfg = Release|Win32
		{7806E084-749C-1471-15DA-C85A731E45B9}.Template|Mixed Platforms.ActiveCfg = Release|Win32
		{7806E084-749C-1471-15DA-C85A731E45B9}.Template|Mixed Platforms.Build.0 = Release|Win32
		{7806E084-749C-1471-15DA-C85A731E45B9}.Template|Win32.ActiveCfg = Release|Win32
		{7806E084-749C-1471-15DA-C85A731E45B9}.Template|Win32.Build.0 = Release|Win32
		{075D4385-5925-4A62-8C30-D837ADA1897B}.Debug|Any CPU.ActiveCfg = Debug|Win32
		{075D4385-5925-4A62-8C30-D837ADA1897B}.Debug|Mixed Platforms.ActiveCfg = Debug|Win32
		{075D4385-5925-4A62-8C30-D837ADA1897B}.Debug|Mixed Platforms.Build.0 = Debug|Win32
		{075D4385-5925-4A62-8C30-D837ADA1897B}.Debug|Win32.ActiveCfg = Debug|Win32
		{075D4385-5925-4A62-8C30-D837ADA1897B}.Debug|Win32.Build.0 = Debug|Win32
		{075D4385-5925-4A62-8C30-D837ADA1897B}.Release|Any CPU.ActiveCfg = Release|Win32
		{075D4385-5925-4A62-8C30-D837ADA1897B}.Release|Mixed Platforms.ActiveCfg = Release|Win32
		{075D4385-5925-4A62-8C30-D837ADA1897B}.Release|Mixed Platforms.Build.0 = Release|Win32
		{075D4385-5925-4A62-8C30-D837ADA1897B}.Release|Win32.ActiveCfg = Release|Win32
		{075D4385-5925-4A62-8C30-D837ADA1897B}.Release|Win32.Build.0 = Release|Win32
		{075D4385-5925-4A62-8C30-D837ADA1897B}.Template|Any CPU.ActiveCfg = Release|Win32
		{075D4385-5925-4A62-8C30-D837ADA1897B}.Template|Mixed Platforms.ActiveCfg = Release|Win32
		{075D4385-5925-4A62-8C30-D837ADA1897B}.Template|Mixed Platforms.Build.0 = Release|Win32
		{075D4385-5925-4A62-8C30-D837ADA1897B}.Template|Win32.ActiveCfg = Release|Win32
		{075D4385-5925-4A62-8C30-D837ADA1897B}.Template|Win32.Build.0 = Release|Win32
		{F592F31E-2004-4B81-AC2A-730F7A5B3423}.Debug|Any CPU.ActiveCfg = Debug|Win32
		{F592F31E-2004-4B81-AC2A-730F7A5B3423}.Debug|Mixed Platforms.ActiveCfg = Debug|Win32
		{F592F31E-2004-4B81-AC2A-730F7A5B3423}.Debug|Mixed Platforms.Build.0 = Debug|Win32
		{F592F31E-2004-4B81-AC2A-730F7A5B3423}.Debug|Win32.ActiveCfg = Debug|Win32
		{F592F31E-2004-4B81-AC2A-730F7A5B3423}.Debug|Win32.Build.0 = Debug|Win32
		{F592F31E-2004-4B81-AC2A-730F7A5B3423}.Release|Any CPU.ActiveCfg = Release|Win32
		{F592F31E-2004-4B81-AC2A-730F7A5B3423}.Release|Mixed Platforms.ActiveCfg = Release|Win32
		{F592F31E-2004-4B81-AC2A-730F7A5B3423}.Release|Mixed Platforms.Build.0 = Release|Win32
		{F592F31E-2004-4B81-AC2A-730F7A5B3423}.Release|Win32.ActiveCfg = Release|Win32
		{F592F31E-2004-4B81-AC2A-730F7A5B3423}.Release|Win32.Build.0 = Release|Win32
		{F592F31E-2004-4B81-AC2A-730F7A5B3423}.Template|Any CPU.ActiveCfg = Release|Win32
		{F592F31E-2004-4B81-AC2A-730F7A5B3423}.Template|Mixed Platforms.ActiveCfg = Release|Win32
		{F592F31E-2004-4B81-AC2A-730F7A5B3423}.Template|Mixed Platforms.Build.0 = Release|Win32
		{F592F31E-2004-4B81-AC2A-730F7A5B3423}.Template|Win32.ActiveCfg = Release|Win32
		{F592F31E-2004-4B81-AC2A-730F7A5B3423}.Template|Win32.Build.0 = Release|Win32
		{D0D9B550-7948-4D1E-9B34-1301EF9EC0E8}.Debug|Any CPU.ActiveCfg = Debug|Any CPU
		{D0D9B550-7948-4D1E-9B34-1301EF9EC0E8}.Debug|Any CPU.Build.0 = Debug|Any CPU
		{D0D9B550-7948-4D1E-9B34-1301EF9EC0E8}.Debug|Mixed Platforms.ActiveCfg = Debug|Any CPU
		{D0D9B550-7948-4D1E-9B34-1301EF9EC0E8}.Debug|Mixed Platforms.Build.0 = Debug|Any CPU
		{D0D9B550-7948-4D1E-9B34-1301EF9EC0E8}.Debug|Win32.ActiveCfg = Debug|Any CPU
		{D0D9B550-7948-4D1E-9B34-1301EF9EC0E8}.Release|Any CPU.ActiveCfg = Release|Any CPU
		{D0D9B550-7948-4D1E-9B34-1301EF9EC0E8}.Release|Any CPU.Build.0 = Release|Any CPU
		{D0D9B550-7948-4D1E-9B34-1301EF9EC0E8}.Release|Mixed Platforms.ActiveCfg = Release|Any CPU
		{D0D9B550-7948-4D1E-9B34-1301EF9EC0E8}.Release|Mixed Platforms.Build.0 = Release|Any CPU
		{D0D9B550-7948-4D1E-9B34-1301EF9EC0E8}.Release|Win32.ActiveCfg = Release|Any CPU
		{D0D9B550-7948-4D1E-9B34-1301EF9EC0E8}.Template|Any CPU.ActiveCfg = Release|Any CPU
		{D0D9B550-7948-4D1E-9B34-1301EF9EC0E8}.Template|Any CPU.Build.0 = Release|Any CPU
		{D0D9B550-7948-4D1E-9B34-1301EF9EC0E8}.Template|Mixed Platforms.ActiveCfg = Release|Any CPU
		{D0D9B550-7948-4D1E-9B34-1301EF9EC0E8}.Template|Mixed Platforms.Build.0 = Release|Any CPU
		{D0D9B550-7948-4D1E-9B34-1301EF9EC0E8}.Template|Win32.ActiveCfg = Release|Any CPU
	EndGlobalSection
	GlobalSection(SolutionProperties) = preSolution
		HideSolutionNode = FALSE
	EndGlobalSection
EndGlobal
